
Microsoft Visual Studio Solution File, Format Version 12.00
# Visual Studio Version 17
VisualStudioVersion = 17.11.35222.181
MinimumVisualStudioVersion = 10.0.40219.1
Project("{FAE04EC0-301F-11D3-BF4B-00C04F79EFBC}") = "LabAct4_Stocks_Pellosis_BIT31", "LabAct4_Stocks_Pellosis_BIT31\LabAct4_Stocks_Pellosis_BIT31.csproj", "{BD06262D-C9CE-45B2-8C83-EFAFF45B05C5}"
EndProject
Project("{FAE04EC0-301F-11D3-BF4B-00C04F79EFBC}") = "dataHelp", "dataHelp\dataHelp.csproj", "{93D2C82A-D793-4925-A90D-319C0D9FF46B}"
EndProject
Global
	GlobalSection(SolutionConfigurationPlatforms) = preSolution
		Debug|Any CPU = Debug|Any CPU
		Release|Any CPU = Release|Any CPU
	EndGlobalSection
	GlobalSection(ProjectConfigurationPlatforms) = postSolution
		{BD06262D-C9CE-45B2-8C83-EFAFF45B05C5}.Debug|Any CPU.ActiveCfg = Debug|Any CPU
		{BD06262D-C9CE-45B2-8C83-EFAFF45B05C5}.Debug|Any CPU.Build.0 = Debug|Any CPU
		{BD06262D-C9CE-45B2-8C83-EFAFF45B05C5}.Release|Any CPU.ActiveCfg = Release|Any CPU
		{BD06262D-C9CE-45B2-8C83-EFAFF45B05C5}.Release|Any CPU.Build.0 = Release|Any CPU
		{93D2C82A-D793-4925-A90D-319C0D9FF46B}.Debug|Any CPU.ActiveCfg = Debug|Any CPU
		{93D2C82A-D793-4925-A90D-319C0D9FF46B}.Debug|Any CPU.Build.0 = Debug|Any CPU
		{93D2C82A-D793-4925-A90D-319C0D9FF46B}.Release|Any CPU.ActiveCfg = Release|Any CPU
		{93D2C82A-D793-4925-A90D-319C0D9FF46B}.Release|Any CPU.Build.0 = Release|Any CPU
	EndGlobalSection
	GlobalSection(SolutionProperties) = preSolution
		HideSolutionNode = FALSE
	EndGlobalSection
	GlobalSection(ExtensibilityGlobals) = postSolution
		SolutionGuid = {D6ED0168-F8A1-4992-A2BB-C1109500C240}
	EndGlobalSection
EndGlobal
